
Microsoft Visual Studio Solution File, Format Version 12.00
# Visual Studio Version 16
VisualStudioVersion = 16.0.31605.320
MinimumVisualStudioVersion = 10.0.40219.1
Project("{FAE04EC0-301F-11D3-BF4B-00C04F79EFBC}") = "WebSHaoUP", "WebSHaoUP.csproj", "{9282C416-D9B4-45F8-BDAD-52F7B0C9243E}"
EndProject
Global
	GlobalSection(SolutionConfigurationPlatforms) = preSolution
		Debug|Any CPU = Debug|Any CPU
		Release|Any CPU = Release|Any CPU
	EndGlobalSection
	GlobalSection(ProjectConfigurationPlatforms) = postSolution
		{9282C416-D9B4-45F8-BDAD-52F7B0C9243E}.Debug|Any CPU.ActiveCfg = Debug|Any CPU
		{9282C416-D9B4-45F8-BDAD-52F7B0C9243E}.Debug|Any CPU.Build.0 = Debug|Any CPU
		{9282C416-D9B4-45F8-BDAD-52F7B0C9243E}.Release|Any CPU.ActiveCfg = Release|Any CPU
		{9282C416-D9B4-45F8-BDAD-52F7B0C9243E}.Release|Any CPU.Build.0 = Release|Any CPU
	EndGlobalSection
	GlobalSection(SolutionProperties) = preSolution
		HideSolutionNode = FALSE
	EndGlobalSection
	GlobalSection(ExtensibilityGlobals) = postSolution
		SolutionGuid = {4D89FDEA-2112-42A1-98FC-65103C2D3BB3}
	EndGlobalSection
EndGlobal
